<?xml version="1.0" encoding="utf-8"?>
<Project ToolsVersion="4.0" xmlns="http://schemas.microsoft.com/developer/msbuild/2003">
  <ItemGroup>
    <Filter Include="Source Files">
      <UniqueIdentifier>{4FC737F1-C7A5-4376-A066-2A32D752A2FF}</UniqueIdentifier>
      <Extensions>cpp;c;cc;cxx;def;odl;idl;hpj;bat;asm;asmx</Extensions>
    </Filter>
    <Filter Include="Header Files">
      <UniqueIdentifier>{93995380-89BD-4b04-88EB-625FBE52EBFB}</UniqueIdentifier>
      <Extensions>h;hh;hpp;hxx;hm;inl;inc;xsd</Extensions>
    </Filter>
    <Filter Include="Resource Files">
      <UniqueIdentifier>{67DA6AB6-F800-4c08-8B7A-83BB121AAD01}</UniqueIdentifier>
      <Extensions>rc;ico;cur;bmp;dlg;rc2;rct;bin;rgs;gif;jpg;jpeg;jpe;resx;tiff;tif;png;wav</Extensions>
    </Filter>
  </ItemGroup>
  <ItemGroup>
    <ClCompile Include="5-1.CONTSTRUCTOR_DESTRUCTOR.cpp">
      <Filter>Source Files</Filter>
    </ClCompile>
    <ClCompile Include="5-2.Private_Protected_Public.cpp">
      <Filter>Source Files</Filter>
    </ClCompile>
    <ClCompile Include="5-3.ASSIGN.cpp">
      <Filter>Source Files</Filter>
    </ClCompile>
    <ClCompile Include="5-4.Letters_main.cpp">
      <Filter>Source Files</Filter>
    </ClCompile>
    <ClCompile Include="5-4.STATIC.CPP">
      <Filter>Source Files</Filter>
    </ClCompile>
    <ClCompile Include="5-5.QUE-USER.cpp">
      <Filter>Source Files</Filter>
    </ClCompile>
    <ClCompile Include="5장-2.DATE1.cpp">
      <Filter>Source Files</Filter>
    </ClCompile>
    <ClCompile Include="5장-4-1.DATE_MAIN.cpp">
      <Filter>Source Files</Filter>
    </ClCompile>
    <ClCompile Include="5장-4.DATE2.cpp">
      <Filter>Source Files</Filter>
    </ClCompile>
    <ClCompile Include="5장-5-1.Rectangle.cpp">
      <Filter>Source Files</Filter>
    </ClCompile>
    <ClCompile Include="5장-5.rectangle_main.cpp">
      <Filter>Source Files</Filter>
    </ClCompile>
    <ClCompile Include="5장-6-2.Letters_main.cpp">
      <Filter>Source Files</Filter>
    </ClCompile>
    <ClCompile Include="5장-6.Letters.CPP">
      <Filter>Source Files</Filter>
    </ClCompile>
    <ClCompile Include="5장-9.QUEUE.cpp">
      <Filter>Source Files</Filter>
    </ClCompile>
    <ClCompile Include="testQueue2019.cpp">
      <Filter>Source Files</Filter>
    </ClCompile>
  </ItemGroup>
  <ItemGroup>
    <ClInclude Include="5장-1.DATE1.h">
      <Filter>Header Files</Filter>
    </ClInclude>
    <ClInclude Include="5장-3.DATE2.h">
      <Filter>Header Files</Filter>
    </ClInclude>
    <ClInclude Include="5장-5-2.Rectangle.h">
      <Filter>Header Files</Filter>
    </ClInclude>
    <ClInclude Include="5장-6-1.Letters.h">
      <Filter>Header Files</Filter>
    </ClInclude>
    <ClInclude Include="5장-7.PERSON.h">
      <Filter>Header Files</Filter>
    </ClInclude>
    <ClInclude Include="5장-8.QUEUE.h">
      <Filter>Header Files</Filter>
    </ClInclude>
  </ItemGroup>
</Project>